
Microsoft Visual Studio Solution File, Format Version 12.00
Project("{FAE04EC0-301F-11D3-BF4B-00C04F79EFBC}") = "lab06punkt", "lab06punkt\lab06punkt.csproj", "{71C07C83-CA72-4134-AD33-E7A3E396BE62}"
EndProject
Global
	GlobalSection(SolutionConfigurationPlatforms) = preSolution
		Debug|Any CPU = Debug|Any CPU
		Release|Any CPU = Release|Any CPU
	EndGlobalSection
	GlobalSection(ProjectConfigurationPlatforms) = postSolution
		{71C07C83-CA72-4134-AD33-E7A3E396BE62}.Debug|Any CPU.ActiveCfg = Debug|Any CPU
		{71C07C83-CA72-4134-AD33-E7A3E396BE62}.Debug|Any CPU.Build.0 = Debug|Any CPU
		{71C07C83-CA72-4134-AD33-E7A3E396BE62}.Release|Any CPU.ActiveCfg = Release|Any CPU
		{71C07C83-CA72-4134-AD33-E7A3E396BE62}.Release|Any CPU.Build.0 = Release|Any CPU
	EndGlobalSection
EndGlobal
